// !$*UTF8*$!
{
	archiveVersion = 1;
	classes = {
	};
	objectVersion = 56;
	objects = {

/* Begin PBXBuildFile section */
		38551ED62A993483000DE2FF /* MenuView.swift in Sources */ = {isa = PBXBuildFile; fileRef = 38551ED52A993483000DE2FF /* MenuView.swift */; };
		38551ED72A993483000DE2FF /* MenuView.swift in Sources */ = {isa = PBXBuildFile; fileRef = 38551ED52A993483000DE2FF /* MenuView.swift */; };
		38551ED82A993483000DE2FF /* MenuView.swift in Sources */ = {isa = PBXBuildFile; fileRef = 38551ED52A993483000DE2FF /* MenuView.swift */; };
		38A4CBFC2A9927CA00570FB4 /* ProyectoFinalApp.swift in Sources */ = {isa = PBXBuildFile; fileRef = 38A4CBFB2A9927CA00570FB4 /* ProyectoFinalApp.swift */; };
		38A4CBFE2A9927CA00570FB4 /* ContentView.swift in Sources */ = {isa = PBXBuildFile; fileRef = 38A4CBFD2A9927CA00570FB4 /* ContentView.swift */; };
		38A4CC002A9927CB00570FB4 /* Assets.xcassets in Resources */ = {isa = PBXBuildFile; fileRef = 38A4CBFF2A9927CB00570FB4 /* Assets.xcassets */; };
		38A4CC032A9927CB00570FB4 /* Preview Assets.xcassets in Resources */ = {isa = PBXBuildFile; fileRef = 38A4CC022A9927CB00570FB4 /* Preview Assets.xcassets */; };
		38A4CC0D2A9927CB00570FB4 /* ProyectoFinalTests.swift in Sources */ = {isa = PBXBuildFile; fileRef = 38A4CC0C2A9927CB00570FB4 /* ProyectoFinalTests.swift */; };
		38A4CC172A9927CB00570FB4 /* ProyectoFinalUITests.swift in Sources */ = {isa = PBXBuildFile; fileRef = 38A4CC162A9927CB00570FB4 /* ProyectoFinalUITests.swift */; };
		38A4CC192A9927CB00570FB4 /* ProyectoFinalUITestsLaunchTests.swift in Sources */ = {isa = PBXBuildFile; fileRef = 38A4CC182A9927CB00570FB4 /* ProyectoFinalUITestsLaunchTests.swift */; };
/* End PBXBuildFile section */

/* Begin PBXContainerItemProxy section */
		38A4CC092A9927CB00570FB4 /* PBXContainerItemProxy */ = {
			isa = PBXContainerItemProxy;
			containerPortal = 38A4CBF02A9927CA00570FB4 /* Project object */;
			proxyType = 1;
			remoteGlobalIDString = 38A4CBF72A9927CA00570FB4;
			remoteInfo = ProyectoFinal;
		};
		38A4CC132A9927CB00570FB4 /* PBXContainerItemProxy */ = {
			isa = PBXContainerItemProxy;
			containerPortal = 38A4CBF02A9927CA00570FB4 /* Project object */;
			proxyType = 1;
			remoteGlobalIDString = 38A4CBF72A9927CA00570FB4;
			remoteInfo = ProyectoFinal;
		};
/* End PBXContainerItemProxy section */

/* Begin PBXFileReference section */
		38551ED52A993483000DE2FF /* MenuView.swift */ = {isa = PBXFileReference; lastKnownFileType = sourcecode.swift; path = MenuView.swift; sourceTree = "<group>"; };
		38A4CBF82A9927CA00570FB4 /* ProyectoFinal.app */ = {isa = PBXFileReference; explicitFileType = wrapper.application; includeInIndex = 0; path = ProyectoFinal.app; sourceTree = BUILT_PRODUCTS_DIR; };
		38A4CBFB2A9927CA00570FB4 /* ProyectoFinalApp.swift */ = {isa = PBXFileReference; lastKnownFileType = sourcecode.swift; path = ProyectoFinalApp.swift; sourceTree = "<group>"; };
		38A4CBFD2A9927CA00570FB4 /* ContentView.swift */ = {isa = PBXFileReference; lastKnownFileType = sourcecode.swift; path = ContentView.swift; sourceTree = "<group>"; };
		38A4CBFF2A9927CB00570FB4 /* Assets.xcassets */ = {isa = PBXFileReference; lastKnownFileType = folder.assetcatalog; path = Assets.xcassets; sourceTree = "<group>"; };
		38A4CC022A9927CB00570FB4 /* Preview Assets.xcassets */ = {isa = PBXFileReference; lastKnownFileType = folder.assetcatalog; path = "Preview Assets.xcassets"; sourceTree = "<group>"; };
		38A4CC082A9927CB00570FB4 /* ProyectoFinalTests.xctest */ = {isa = PBXFileReference; explicitFileType = wrapper.cfbundle; includeInIndex = 0; path = ProyectoFinalTests.xctest; sourceTree = BUILT_PRODUCTS_DIR; };
		38A4CC0C2A9927CB00570FB4 /* ProyectoFinalTests.swift */ = {isa = PBXFileReference; lastKnownFileType = sourcecode.swift; path = ProyectoFinalTests.swift; sourceTree = "<group>"; };
		38A4CC122A9927CB00570FB4 /* ProyectoFinalUITests.xctest */ = {isa = PBXFileReference; explicitFileType = wrapper.cfbundle; includeInIndex = 0; path = ProyectoFinalUITests.xctest; sourceTree = BUILT_PRODUCTS_DIR; };
		38A4CC162A9927CB00570FB4 /* ProyectoFinalUITests.swift */ = {isa = PBXFileReference; lastKnownFileType = sourcecode.swift; path = ProyectoFinalUITests.swift; sourceTree = "<group>"; };
		38A4CC182A9927CB00570FB4 /* ProyectoFinalUITestsLaunchTests.swift */ = {isa = PBXFileReference; lastKnownFileType = sourcecode.swift; path = ProyectoFinalUITestsLaunchTests.swift; sourceTree = "<group>"; };
/* End PBXFileReference section */

/* Begin PBXFrameworksBuildPhase section */
		38A4CBF52A9927CA00570FB4 /* Frameworks */ = {
			isa = PBXFrameworksBuildPhase;
			buildActionMask = 2147483647;
			files = (
			);
			runOnlyForDeploymentPostprocessing = 0;
		};
		38A4CC052A9927CB00570FB4 /* Frameworks */ = {
			isa = PBXFrameworksBuildPhase;
			buildActionMask = 2147483647;
			files = (
			);
			runOnlyForDeploymentPostprocessing = 0;
		};
		38A4CC0F2A9927CB00570FB4 /* Frameworks */ = {
			isa = PBXFrameworksBuildPhase;
			buildActionMask = 2147483647;
			files = (
			);
			runOnlyForDeploymentPostprocessing = 0;
		};
/* End PBXFrameworksBuildPhase section */

/* Begin PBXGroup section */
		38A4CBEF2A9927CA00570FB4 = {
			isa = PBXGroup;
			children = (
				38A4CBFA2A9927CA00570FB4 /* ProyectoFinal */,
				38A4CC0B2A9927CB00570FB4 /* ProyectoFinalTests */,
				38A4CC152A9927CB00570FB4 /* ProyectoFinalUITests */,
				38A4CBF92A9927CA00570FB4 /* Products */,
			);
			sourceTree = "<group>";
		};
		38A4CBF92A9927CA00570FB4 /* Products */ = {
			isa = PBXGroup;
			children = (
				38A4CBF82A9927CA00570FB4 /* ProyectoFinal.app */,
				38A4CC082A9927CB00570FB4 /* ProyectoFinalTests.xctest */,
				38A4CC122A9927CB00570FB4 /* ProyectoFinalUITests.xctest */,
			);
			name = Products;
			sourceTree = "<group>";
		};
		38A4CBFA2A9927CA00570FB4 /* ProyectoFinal */ = {
			isa = PBXGroup;
			children = (
				38A4CBFB2A9927CA00570FB4 /* ProyectoFinalApp.swift */,
				38A4CBFD2A9927CA00570FB4 /* ContentView.swift */,
				38551ED52A993483000DE2FF /* MenuView.swift */,
				38A4CBFF2A9927CB00570FB4 /* Assets.xcassets */,
				38A4CC012A9927CB00570FB4 /* Preview Content */,
			);
			path = ProyectoFinal;
			sourceTree = "<group>";
		};
		38A4CC012A9927CB00570FB4 /* Preview Content */ = {
			isa = PBXGroup;
			children = (
				38A4CC022A9927CB00570FB4 /* Preview Assets.xcassets */,
			);
			path = "Preview Content";
			sourceTree = "<group>";
		};
		38A4CC0B2A9927CB00570FB4 /* ProyectoFinalTests */ = {
			isa = PBXGroup;
			children = (
				38A4CC0C2A9927CB00570FB4 /* ProyectoFinalTests.swift */,
			);
			path = ProyectoFinalTests;
			sourceTree = "<group>";
		};
		38A4CC152A9927CB00570FB4 /* ProyectoFinalUITests */ = {
			isa = PBXGroup;
			children = (
				38A4CC162A9927CB00570FB4 /* ProyectoFinalUITests.swift */,
				38A4CC182A9927CB00570FB4 /* ProyectoFinalUITestsLaunchTests.swift */,
			);
			path = ProyectoFinalUITests;
			sourceTree = "<group>";
		};
/* End PBXGroup section */

/* Begin PBXNativeTarget section */
		38A4CBF72A9927CA00570FB4 /* ProyectoFinal */ = {
			isa = PBXNativeTarget;
			buildConfigurationList = 38A4CC1C2A9927CB00570FB4 /* Build configuration list for PBXNativeTarget "ProyectoFinal" */;
			buildPhases = (
				38A4CBF42A9927CA00570FB4 /* Sources */,
				38A4CBF52A9927CA00570FB4 /* Frameworks */,
				38A4CBF62A9927CA00570FB4 /* Resources */,
			);
			buildRules = (
			);
			dependencies = (
			);
			name = ProyectoFinal;
			productName = ProyectoFinal;
			productReference = 38A4CBF82A9927CA00570FB4 /* ProyectoFinal.app */;
			productType = "com.apple.product-type.application";
		};
		38A4CC072A9927CB00570FB4 /* ProyectoFinalTests */ = {
			isa = PBXNativeTarget;
			buildConfigurationList = 38A4CC1F2A9927CB00570FB4 /* Build configuration list for PBXNativeTarget "ProyectoFinalTests" */;
			buildPhases = (
				38A4CC042A9927CB00570FB4 /* Sources */,
				38A4CC052A9927CB00570FB4 /* Frameworks */,
				38A4CC062A9927CB00570FB4 /* Resources */,
			);
			buildRules = (
			);
			dependencies = (
				38A4CC0A2A9927CB00570FB4 /* PBXTargetDependency */,
			);
			name = ProyectoFinalTests;
			productName = ProyectoFinalTests;
			productReference = 38A4CC082A9927CB00570FB4 /* ProyectoFinalTests.xctest */;
			productType = "com.apple.product-type.bundle.unit-test";
		};
		38A4CC112A9927CB00570FB4 /* ProyectoFinalUITests */ = {
			isa = PBXNativeTarget;
			buildConfigurationList = 38A4CC222A9927CB00570FB4 /* Build configuration list for PBXNativeTarget "ProyectoFinalUITests" */;
			buildPhases = (
				38A4CC0E2A9927CB00570FB4 /* Sources */,
				38A4CC0F2A9927CB00570FB4 /* Frameworks */,
				38A4CC102A9927CB00570FB4 /* Resources */,
			);
			buildRules = (
			);
			dependencies = (
				38A4CC142A9927CB00570FB4 /* PBXTargetDependency */,
			);
			name = ProyectoFinalUITests;
			productName = ProyectoFinalUITests;
			productReference = 38A4CC122A9927CB00570FB4 /* ProyectoFinalUITests.xctest */;
			productType = "com.apple.product-type.bundle.ui-testing";
		};
/* End PBXNativeTarget section */

/* Begin PBXProject section */
		38A4CBF02A9927CA00570FB4 /* Project object */ = {
			isa = PBXProject;
			attributes = {
				BuildIndependentTargetsInParallel = 1;
				LastSwiftUpdateCheck = 1430;
				LastUpgradeCheck = 1430;
				TargetAttributes = {
					38A4CBF72A9927CA00570FB4 = {
						CreatedOnToolsVersion = 14.3.1;
					};
					38A4CC072A9927CB00570FB4 = {
						CreatedOnToolsVersion = 14.3.1;
						TestTargetID = 38A4CBF72A9927CA00570FB4;
					};
					38A4CC112A9927CB00570FB4 = {
						CreatedOnToolsVersion = 14.3.1;
						TestTargetID = 38A4CBF72A9927CA00570FB4;
					};
				};
			};
			buildConfigurationList = 38A4CBF32A9927CA00570FB4 /* Build configuration list for PBXProject "ProyectoFinal" */;
			compatibilityVersion = "Xcode 14.0";
			developmentRegion = en;
			hasScannedForEncodings = 0;
			knownRegions = (
				en,
				Base,
			);
			mainGroup = 38A4CBEF2A9927CA00570FB4;
			productRefGroup = 38A4CBF92A9927CA00570FB4 /* Products */;
			projectDirPath = "";
			projectRoot = "";
			targets = (
				38A4CBF72A9927CA00570FB4 /* ProyectoFinal */,
				38A4CC072A9927CB00570FB4 /* ProyectoFinalTests */,
				38A4CC112A9927CB00570FB4 /* ProyectoFinalUITests */,
			);
		};
/* End PBXProject section */

/* Begin PBXResourcesBuildPhase section */
		38A4CBF62A9927CA00570FB4 /* Resources */ = {
			isa = PBXResourcesBuildPhase;
			buildActionMask = 2147483647;
			files = (
				38A4CC032A9927CB00570FB4 /* Preview Assets.xcassets in Resources */,
				38A4CC002A9927CB00570FB4 /* Assets.xcassets in Resources */,
			);
			runOnlyForDeploymentPostprocessing = 0;
		};
		38A4CC062A9927CB00570FB4 /* Resources */ = {
			isa = PBXResourcesBuildPhase;
			buildActionMask = 2147483647;
			files = (
			);
			runOnlyForDeploymentPostprocessing = 0;
		};
		38A4CC102A9927CB00570FB4 /* Resources */ = {
			isa = PBXResourcesBuildPhase;
			buildActionMask = 2147483647;
			files = (
			);
			runOnlyForDeploymentPostprocessing = 0;
		};
/* End PBXResourcesBuildPhase section */

/* Begin PBXSourcesBuildPhase section */
		38A4CBF42A9927CA00570FB4 /* Sources */ = {
			isa = PBXSourcesBuildPhase;
			buildActionMask = 2147483647;
			files = (
				38A4CBFE2A9927CA00570FB4 /* ContentView.swift in Sources */,
				38551ED62A993483000DE2FF /* MenuView.swift in Sources */,
				38A4CBFC2A9927CA00570FB4 /* ProyectoFinalApp.swift in Sources */,
			);
			runOnlyForDeploymentPostprocessing = 0;
		};
		38A4CC042A9927CB00570FB4 /* Sources */ = {
			isa = PBXSourcesBuildPhase;
			buildActionMask = 2147483647;
			files = (
				38A4CC0D2A9927CB00570FB4 /* ProyectoFinalTests.swift in Sources */,
				38551ED72A993483000DE2FF /* MenuView.swift in Sources */,
			);
			runOnlyForDeploymentPostprocessing = 0;
		};
		38A4CC0E2A9927CB00570FB4 /* Sources */ = {
			isa = PBXSourcesBuildPhase;
			buildActionMask = 2147483647;
			files = (
				38A4CC192A9927CB00570FB4 /* ProyectoFinalUITestsLaunchTests.swift in Sources */,
				38551ED82A993483000DE2FF /* MenuView.swift in Sources */,
				38A4CC172A9927CB00570FB4 /* ProyectoFinalUITests.swift in Sources */,
			);
			runOnlyForDeploymentPostprocessing = 0;
		};
/* End PBXSourcesBuildPhase section */

/* Begin PBXTargetDependency section */
		38A4CC0A2A9927CB00570FB4 /* PBXTargetDependency */ = {
			isa = PBXTargetDependency;
			target = 38A4CBF72A9927CA00570FB4 /* ProyectoFinal */;
			targetProxy = 38A4CC092A9927CB00570FB4 /* PBXContainerItemProxy */;
		};
		38A4CC142A9927CB00570FB4 /* PBXTargetDependency */ = {
			isa = PBXTargetDependency;
			target = 38A4CBF72A9927CA00570FB4 /* ProyectoFinal */;
			targetProxy = 38A4CC132A9927CB00570FB4 /* PBXContainerItemProxy */;
		};
/* End PBXTargetDependency section */

/* Begin XCBuildConfiguration section */
		38A4CC1A2A9927CB00570FB4 /* Debug */ = {
			isa = XCBuildConfiguration;
			buildSettings = {
				ALWAYS_SEARCH_USER_PATHS = NO;
				CLANG_ANALYZER_NONNULL = YES;
				CLANG_ANALYZER_NUMBER_OBJECT_CONVERSION = YES_AGGRESSIVE;
				CLANG_CXX_LANGUAGE_STANDARD = "gnu++20";
				CLANG_ENABLE_MODULES = YES;
				CLANG_ENABLE_OBJC_ARC = YES;
				CLANG_ENABLE_OBJC_WEAK = YES;
				CLANG_WARN_BLOCK_CAPTURE_AUTORELEASING = YES;
				CLANG_WARN_BOOL_CONVERSION = YES;
				CLANG_WARN_COMMA = YES;
				CLANG_WARN_CONSTANT_CONVERSION = YES;
				CLANG_WARN_DEPRECATED_OBJC_IMPLEMENTATIONS = YES;
				CLANG_WARN_DIRECT_OBJC_ISA_USAGE = YES_ERROR;
				CLANG_WARN_DOCUMENTATION_COMMENTS = YES;
				CLANG_WARN_EMPTY_BODY = YES;
				CLANG_WARN_ENUM_CONVERSION = YES;
				CLANG_WARN_INFINITE_RECURSION = YES;
				CLANG_WARN_INT_CONVERSION = YES;
				CLANG_WARN_NON_LITERAL_NULL_CONVERSION = YES;
				CLANG_WARN_OBJC_IMPLICIT_RETAIN_SELF = YES;
				CLANG_WARN_OBJC_LITERAL_CONVERSION = YES;
				CLANG_WARN_OBJC_ROOT_CLASS = YES_ERROR;
				CLANG_WARN_QUOTED_INCLUDE_IN_FRAMEWORK_HEADER = YES;
				CLANG_WARN_RANGE_LOOP_ANALYSIS = YES;
				CLANG_WARN_STRICT_PROTOTYPES = YES;
				CLANG_WARN_SUSPICIOUS_MOVE = YES;
				CLANG_WARN_UNGUARDED_AVAILABILITY = YES_AGGRESSIVE;
				CLANG_WARN_UNREACHABLE_CODE = YES;
				CLANG_WARN__DUPLICATE_METHOD_MATCH = YES;
				COPY_PHASE_STRIP = NO;
				DEBUG_INFORMATION_FORMAT = dwarf;
				ENABLE_STRICT_OBJC_MSGSEND = YES;
				ENABLE_TESTABILITY = YES;
				GCC_C_LANGUAGE_STANDARD = gnu11;
				GCC_DYNAMIC_NO_PIC = NO;
				GCC_NO_COMMON_BLOCKS = YES;
				GCC_OPTIMIZATION_LEVEL = 0;
				GCC_PREPROCESSOR_DEFINITIONS = (
					"DEBUG=1",
					"$(inherited)",
				);
				GCC_WARN_64_TO_32_BIT_CONVERSION = YES;
				GCC_WARN_ABOUT_RETURN_TYPE = YES_ERROR;
				GCC_WARN_UNDECLARED_SELECTOR = YES;
				GCC_WARN_UNINITIALIZED_AUTOS = YES_AGGRESSIVE;
				GCC_WARN_UNUSED_FUNCTION = YES;
				GCC_WARN_UNUSED_VARIABLE = YES;
				IPHONEOS_DEPLOYMENT_TARGET = 16.4;
				MTL_ENABLE_DEBUG_INFO = INCLUDE_SOURCE;
				MTL_FAST_MATH = YES;
				ONLY_ACTIVE_ARCH = YES;
				SDKROOT = iphoneos;
				SWIFT_ACTIVE_COMPILATION_CONDITIONS = DEBUG;
				SWIFT_OPTIMIZATION_LEVEL = "-Onone";
			};
			name = Debug;
		};
		38A4CC1B2A9927CB00570FB4 /* Release */ = {
			isa = XCBuildConfiguration;
			buildSettings = {
				ALWAYS_SEARCH_USER_PATHS = NO;
				CLANG_ANALYZER_NONNULL = YES;
				CLANG_ANALYZER_NUMBER_OBJECT_CONVERSION = YES_AGGRESSIVE;
				CLANG_CXX_LANGUAGE_STANDARD = "gnu++20";
				CLANG_ENABLE_MODULES = YES;
				CLANG_ENABLE_OBJC_ARC = YES;
				CLANG_ENABLE_OBJC_WEAK = YES;
				CLANG_WARN_BLOCK_CAPTURE_AUTORELEASING = YES;
				CLANG_WARN_BOOL_CONVERSION = YES;
				CLANG_WARN_COMMA = YES;
				CLANG_WARN_CONSTANT_CONVERSION = YES;
				CLANG_WARN_DEPRECATED_OBJC_IMPLEMENTATIONS = YES;
				CLANG_WARN_DIRECT_OBJC_ISA_USAGE = YES_ERROR;
				CLANG_WARN_DOCUMENTATION_COMMENTS = YES;
				CLANG_WARN_EMPTY_BODY = YES;
				CLANG_WARN_ENUM_CONVERSION = YES;
				CLANG_WARN_INFINITE_RECURSION = YES;
				CLANG_WARN_INT_CONVERSION = YES;
				CLANG_WARN_NON_LITERAL_NULL_CONVERSION = YES;
				CLANG_WARN_OBJC_IMPLICIT_RETAIN_SELF = YES;
				CLANG_WARN_OBJC_LITERAL_CONVERSION = YES;
				CLANG_WARN_OBJC_ROOT_CLASS = YES_ERROR;
				CLANG_WARN_QUOTED_INCLUDE_IN_FRAMEWORK_HEADER = YES;
				CLANG_WARN_RANGE_LOOP_ANALYSIS = YES;
				CLANG_WARN_STRICT_PROTOTYPES = YES;
				CLANG_WARN_SUSPICIOUS_MOVE = YES;
				CLANG_WARN_UNGUARDED_AVAILABILITY = YES_AGGRESSIVE;
				CLANG_WARN_UNREACHABLE_CODE = YES;
				CLANG_WARN__DUPLICATE_METHOD_MATCH = YES;
				COPY_PHASE_STRIP = NO;
				DEBUG_INFORMATION_FORMAT = "dwarf-with-dsym";
				ENABLE_NS_ASSERTIONS = NO;
				ENABLE_STRICT_OBJC_MSGSEND = YES;
				GCC_C_LANGUAGE_STANDARD = gnu11;
				GCC_NO_COMMON_BLOCKS = YES;
				GCC_WARN_64_TO_32_BIT_CONVERSION = YES;
				GCC_WARN_ABOUT_RETURN_TYPE = YES_ERROR;
				GCC_WARN_UNDECLARED_SELECTOR = YES;
				GCC_WARN_UNINITIALIZED_AUTOS = YES_AGGRESSIVE;
				GCC_WARN_UNUSED_FUNCTION = YES;
				GCC_WARN_UNUSED_VARIABLE = YES;
				IPHONEOS_DEPLOYMENT_TARGET = 16.4;
				MTL_ENABLE_DEBUG_INFO = NO;
				MTL_FAST_MATH = YES;
				SDKROOT = iphoneos;
				SWIFT_COMPILATION_MODE = wholemodule;
				SWIFT_OPTIMIZATION_LEVEL = "-O";
				VALIDATE_PRODUCT = YES;
			};
			name = Release;
		};
		38A4CC1D2A9927CB00570FB4 /* Debug */ = {
			isa = XCBuildConfiguration;
			buildSettings = {
				ASSETCATALOG_COMPILER_APPICON_NAME = AppIcon;
				ASSETCATALOG_COMPILER_GLOBAL_ACCENT_COLOR_NAME = AccentColor;
				CODE_SIGN_STYLE = Automatic;
				CURRENT_PROJECT_VERSION = 1;
				DEVELOPMENT_ASSET_PATHS = "\"ProyectoFinal/Preview Content\"";
				ENABLE_PREVIEWS = YES;
				GENERATE_INFOPLIST_FILE = YES;
				INFOPLIST_KEY_UIApplicationSceneManifest_Generation = YES;
				INFOPLIST_KEY_UIApplicationSupportsIndirectInputEvents = YES;
				INFOPLIST_KEY_UILaunchScreen_Generation = YES;
				INFOPLIST_KEY_UISupportedInterfaceOrientations_iPad = "UIInterfaceOrientationPortrait UIInterfaceOrientationPortraitUpsideDown UIInterfaceOrientationLandscapeLeft UIInterfaceOrientationLandscapeRight";
				INFOPLIST_KEY_UISupportedInterfaceOrientations_iPhone = "UIInterfaceOrientationPortrait UIInterfaceOrientationLandscapeLeft UIInterfaceOrientationLandscapeRight";
				LD_RUNPATH_SEARCH_PATHS = (
					"$(inherited)",
					"@executable_path/Frameworks",
				);
				MARKETING_VERSION = 1.0;
				PRODUCT_BUNDLE_IDENTIFIER = pcpuma.acatlan.unam.mx.ProyectoFinal;
				PRODUCT_NAME = "$(TARGET_NAME)";
				SWIFT_EMIT_LOC_STRINGS = YES;
				SWIFT_VERSION = 5.0;
				TARGETED_DEVICE_FAMILY = "1,2";
			};
			name = Debug;
		};
		38A4CC1E2A9927CB00570FB4 /* Release */ = {
			isa = XCBuildConfiguration;
			buildSettings = {
				ASSETCATALOG_COMPILER_APPICON_NAME = AppIcon;
				ASSETCATALOG_COMPILER_GLOBAL_ACCENT_COLOR_NAME = AccentColor;
				CODE_SIGN_STYLE = Automatic;
				CURRENT_PROJECT_VERSION = 1;
				DEVELOPMENT_ASSET_PATHS = "\"ProyectoFinal/Preview Content\"";
				ENABLE_PREVIEWS = YES;
				GENERATE_INFOPLIST_FILE = YES;
				INFOPLIST_KEY_UIApplicationSceneManifest_Generation = YES;
				INFOPLIST_KEY_UIApplicationSupportsIndirectInputEvents = YES;
				INFOPLIST_KEY_UILaunchScreen_Generation = YES;
				INFOPLIST_KEY_UISupportedInterfaceOrientations_iPad = "UIInterfaceOrientationPortrait UIInterfaceOrientationPortraitUpsideDown UIInterfaceOrientationLandscapeLeft UIInterfaceOrientationLandscapeRight";
				INFOPLIST_KEY_UISupportedInterfaceOrientations_iPhone = "UIInterfaceOrientationPortrait UIInterfaceOrientationLandscapeLeft UIInterfaceOrientationLandscapeRight";
				LD_RUNPATH_SEARCH_PATHS = (
					"$(inherited)",
					"@executable_path/Frameworks",
				);
				MARKETING_VERSION = 1.0;
				PRODUCT_BUNDLE_IDENTIFIER = pcpuma.acatlan.unam.mx.ProyectoFinal;
				PRODUCT_NAME = "$(TARGET_NAME)";
				SWIFT_EMIT_LOC_STRINGS = YES;
				SWIFT_VERSION = 5.0;
				TARGETED_DEVICE_FAMILY = "1,2";
			};
			name = Release;
		};
		38A4CC202A9927CB00570FB4 /* Debug */ = {
			isa = XCBuildConfiguration;
			buildSettings = {
				ALWAYS_EMBED_SWIFT_STANDARD_LIBRARIES = YES;
				BUNDLE_LOADER = "$(TEST_HOST)";
				CODE_SIGN_STYLE = Automatic;
				CURRENT_PROJECT_VERSION = 1;
				GENERATE_INFOPLIST_FILE = YES;
				IPHONEOS_DEPLOYMENT_TARGET = 16.4;
				MARKETING_VERSION = 1.0;
				PRODUCT_BUNDLE_IDENTIFIER = pcpuma.acatlan.unam.mx.ProyectoFinalTests;
				PRODUCT_NAME = "$(TARGET_NAME)";
				SWIFT_EMIT_LOC_STRINGS = NO;
				SWIFT_VERSION = 5.0;
				TARGETED_DEVICE_FAMILY = "1,2";
				TEST_HOST = "$(BUILT_PRODUCTS_DIR)/ProyectoFinal.app/$(BUNDLE_EXECUTABLE_FOLDER_PATH)/ProyectoFinal";
			};
			name = Debug;
		};
		38A4CC212A9927CB00570FB4 /* Release */ = {
			isa = XCBuildConfiguration;
			buildSettings = {
				ALWAYS_EMBED_SWIFT_STANDARD_LIBRARIES = YES;
				BUNDLE_LOADER = "$(TEST_HOST)";
				CODE_SIGN_STYLE = Automatic;
				CURRENT_PROJECT_VERSION = 1;
				GENERATE_INFOPLIST_FILE = YES;
				IPHONEOS_DEPLOYMENT_TARGET = 16.4;
				MARKETING_VERSION = 1.0;
				PRODUCT_BUNDLE_IDENTIFIER = pcpuma.acatlan.unam.mx.ProyectoFinalTests;
				PRODUCT_NAME = "$(TARGET_NAME)";
				SWIFT_EMIT_LOC_STRINGS = NO;
				SWIFT_VERSION = 5.0;
				TARGETED_DEVICE_FAMILY = "1,2";
				TEST_HOST = "$(BUILT_PRODUCTS_DIR)/ProyectoFinal.app/$(BUNDLE_EXECUTABLE_FOLDER_PATH)/ProyectoFinal";
			};
			name = Release;
		};
		38A4CC232A9927CB00570FB4 /* Debug */ = {
			isa = XCBuildConfiguration;
			buildSettings = {
				ALWAYS_EMBED_SWIFT_STANDARD_LIBRARIES = YES;
				CODE_SIGN_STYLE = Automatic;
				CURRENT_PROJECT_VERSION = 1;
				GENERATE_INFOPLIST_FILE = YES;
				MARKETING_VERSION = 1.0;
				PRODUCT_BUNDLE_IDENTIFIER = pcpuma.acatlan.unam.mx.ProyectoFinalUITests;
				PRODUCT_NAME = "$(TARGET_NAME)";
				SWIFT_EMIT_LOC_STRINGS = NO;
				SWIFT_VERSION = 5.0;
				TARGETED_DEVICE_FAMILY = "1,2";
				TEST_TARGET_NAME = ProyectoFinal;
			};
			name = Debug;
		};
		38A4CC242A9927CB00570FB4 /* Release */ = {
			isa = XCBuildConfiguration;
			buildSettings = {
				ALWAYS_EMBED_SWIFT_STANDARD_LIBRARIES = YES;
				CODE_SIGN_STYLE = Automatic;
				CURRENT_PROJECT_VERSION = 1;
				GENERATE_INFOPLIST_FILE = YES;
				MARKETING_VERSION = 1.0;
				PRODUCT_BUNDLE_IDENTIFIER = pcpuma.acatlan.unam.mx.ProyectoFinalUITests;
				PRODUCT_NAME = "$(TARGET_NAME)";
				SWIFT_EMIT_LOC_STRINGS = NO;
				SWIFT_VERSION = 5.0;
				TARGETED_DEVICE_FAMILY = "1,2";
				TEST_TARGET_NAME = ProyectoFinal;
			};
			name = Release;
		};
/* End XCBuildConfiguration section */

/* Begin XCConfigurationList section */
		38A4CBF32A9927CA00570FB4 /* Build configuration list for PBXProject "ProyectoFinal" */ = {
			isa = XCConfigurationList;
			buildConfigurations = (
				38A4CC1A2A9927CB00570FB4 /* Debug */,
				38A4CC1B2A9927CB00570FB4 /* Release */,
			);
			defaultConfigurationIsVisible = 0;
			defaultConfigurationName = Release;
		};
		38A4CC1C2A9927CB00570FB4 /* Build configuration list for PBXNativeTarget "ProyectoFinal" */ = {
			isa = XCConfigurationList;
			buildConfigurations = (
				38A4CC1D2A9927CB00570FB4 /* Debug */,
				38A4CC1E2A9927CB00570FB4 /* Release */,
			);
			defaultConfigurationIsVisible = 0;
			defaultConfigurationName = Release;
		};
		38A4CC1F2A9927CB00570FB4 /* Build configuration list for PBXNativeTarget "ProyectoFinalTests" */ = {
			isa = XCConfigurationList;
			buildConfigurations = (
				38A4CC202A9927CB00570FB4 /* Debug */,
				38A4CC212A9927CB00570FB4 /* Release */,
			);
			defaultConfigurationIsVisible = 0;
			defaultConfigurationName = Release;
		};
		38A4CC222A9927CB00570FB4 /* Build configuration list for PBXNativeTarget "ProyectoFinalUITests" */ = {
			isa = XCConfigurationList;
			buildConfigurations = (
				38A4CC232A9927CB00570FB4 /* Debug */,
				38A4CC242A9927CB00570FB4 /* Release */,
			);
			defaultConfigurationIsVisible = 0;
			defaultConfigurationName = Release;
		};
/* End XCConfigurationList section */
	};
	rootObject = 38A4CBF02A9927CA00570FB4 /* Project object */;
}
